
Microsoft Visual Studio Solution File, Format Version 12.00
# Visual Studio Version 17
VisualStudioVersion = 17.4.33213.308
MinimumVisualStudioVersion = 10.0.40219.1
Project("{FAE04EC0-301F-11D3-BF4B-00C04F79EFBC}") = "Dictionary_TASK", "Dictionary_TASK.csproj", "{2F6C1FE0-4062-4461-9F48-780F767F97A1}"
EndProject
Global
	GlobalSection(SolutionConfigurationPlatforms) = preSolution
		Debug|Any CPU = Debug|Any CPU
		Release|Any CPU = Release|Any CPU
	EndGlobalSection
	GlobalSection(ProjectConfigurationPlatforms) = postSolution
		{2F6C1FE0-4062-4461-9F48-780F767F97A1}.Debug|Any CPU.ActiveCfg = Debug|Any CPU
		{2F6C1FE0-4062-4461-9F48-780F767F97A1}.Debug|Any CPU.Build.0 = Debug|Any CPU
		{2F6C1FE0-4062-4461-9F48-780F767F97A1}.Release|Any CPU.ActiveCfg = Release|Any CPU
		{2F6C1FE0-4062-4461-9F48-780F767F97A1}.Release|Any CPU.Build.0 = Release|Any CPU
	EndGlobalSection
	GlobalSection(SolutionProperties) = preSolution
		HideSolutionNode = FALSE
	EndGlobalSection
	GlobalSection(ExtensibilityGlobals) = postSolution
		SolutionGuid = {AE6AD645-F4B4-4033-BE39-38D0D63F32F9}
	EndGlobalSection
EndGlobal
